
Microsoft Visual Studio Solution File, Format Version 12.00
# Visual Studio Version 16
VisualStudioVersion = 16.0.31112.23
MinimumVisualStudioVersion = 10.0.40219.1
Project("{FAE04EC0-301F-11D3-BF4B-00C04F79EFBC}") = "KT_System", "KT_System.csproj", "{5C726988-0CDE-4DC1-87D1-CE65A483458B}"
EndProject
Global
	GlobalSection(SolutionConfigurationPlatforms) = preSolution
		Debug|Any CPU = Debug|Any CPU
		Release|Any CPU = Release|Any CPU
	EndGlobalSection
	GlobalSection(ProjectConfigurationPlatforms) = postSolution
		{5C726988-0CDE-4DC1-87D1-CE65A483458B}.Debug|Any CPU.ActiveCfg = Debug|Any CPU
		{5C726988-0CDE-4DC1-87D1-CE65A483458B}.Debug|Any CPU.Build.0 = Debug|Any CPU
		{5C726988-0CDE-4DC1-87D1-CE65A483458B}.Release|Any CPU.ActiveCfg = Release|Any CPU
		{5C726988-0CDE-4DC1-87D1-CE65A483458B}.Release|Any CPU.Build.0 = Release|Any CPU
	EndGlobalSection
	GlobalSection(SolutionProperties) = preSolution
		HideSolutionNode = FALSE
	EndGlobalSection
	GlobalSection(ExtensibilityGlobals) = postSolution
		SolutionGuid = {68FD4AB9-F6E5-4E50-9CE2-D322E1338102}
	EndGlobalSection
EndGlobal
